
Microsoft Visual Studio Solution File, Format Version 12.00
# Visual Studio Version 17
VisualStudioVersion = 17.3.32901.215
MinimumVisualStudioVersion = 10.0.40219.1
Project("{9A19103F-16F7-4668-BE54-9A1E7A4F7556}") = "4.1.4", "4.1.4\4.1.4.csproj", "{025CA42C-A5F9-4219-8050-8F020A18EF63}"
EndProject
Project("{9A19103F-16F7-4668-BE54-9A1E7A4F7556}") = "4.1.5", "4.1.5\4.1.5.csproj", "{6C42E9A8-925F-497E-8CB3-D701B7E8C747}"
EndProject
Project("{9A19103F-16F7-4668-BE54-9A1E7A4F7556}") = "4.1.17", "4.1.17\4.1.17.csproj", "{F2F0329B-11AA-4552-9EB5-6346EFE05D74}"
EndProject
Project("{9A19103F-16F7-4668-BE54-9A1E7A4F7556}") = "4.3.1", "4.3.1\4.3.1.csproj", "{991767BC-ACEF-45C5-9979-FA93234AC383}"
EndProject
Project("{FAE04EC0-301F-11D3-BF4B-00C04F79EFBC}") = "4.3.7", "4.3.7\4.3.7.csproj", "{363926B1-340F-462D-A0A9-B3CB38989A08}"
EndProject
Project("{FAE04EC0-301F-11D3-BF4B-00C04F79EFBC}") = "4.3.11", "4.3.11\4.3.11.csproj", "{503FD1D3-EA1B-432B-B920-90298AED85B0}"
EndProject
Project("{FAE04EC0-301F-11D3-BF4B-00C04F79EFBC}") = "4.3.12", "4.3.12\4.3.12.csproj", "{3A31DC7F-9780-483E-A955-92992E74C2F5}"
EndProject
Global
	GlobalSection(SolutionConfigurationPlatforms) = preSolution
		Debug|Any CPU = Debug|Any CPU
		Release|Any CPU = Release|Any CPU
	EndGlobalSection
	GlobalSection(ProjectConfigurationPlatforms) = postSolution
		{025CA42C-A5F9-4219-8050-8F020A18EF63}.Debug|Any CPU.ActiveCfg = Debug|Any CPU
		{025CA42C-A5F9-4219-8050-8F020A18EF63}.Debug|Any CPU.Build.0 = Debug|Any CPU
		{025CA42C-A5F9-4219-8050-8F020A18EF63}.Release|Any CPU.ActiveCfg = Release|Any CPU
		{025CA42C-A5F9-4219-8050-8F020A18EF63}.Release|Any CPU.Build.0 = Release|Any CPU
		{6C42E9A8-925F-497E-8CB3-D701B7E8C747}.Debug|Any CPU.ActiveCfg = Debug|Any CPU
		{6C42E9A8-925F-497E-8CB3-D701B7E8C747}.Debug|Any CPU.Build.0 = Debug|Any CPU
		{6C42E9A8-925F-497E-8CB3-D701B7E8C747}.Release|Any CPU.ActiveCfg = Release|Any CPU
		{6C42E9A8-925F-497E-8CB3-D701B7E8C747}.Release|Any CPU.Build.0 = Release|Any CPU
		{F2F0329B-11AA-4552-9EB5-6346EFE05D74}.Debug|Any CPU.ActiveCfg = Debug|Any CPU
		{F2F0329B-11AA-4552-9EB5-6346EFE05D74}.Debug|Any CPU.Build.0 = Debug|Any CPU
		{F2F0329B-11AA-4552-9EB5-6346EFE05D74}.Release|Any CPU.ActiveCfg = Release|Any CPU
		{F2F0329B-11AA-4552-9EB5-6346EFE05D74}.Release|Any CPU.Build.0 = Release|Any CPU
		{991767BC-ACEF-45C5-9979-FA93234AC383}.Debug|Any CPU.ActiveCfg = Debug|Any CPU
		{991767BC-ACEF-45C5-9979-FA93234AC383}.Debug|Any CPU.Build.0 = Debug|Any CPU
		{991767BC-ACEF-45C5-9979-FA93234AC383}.Release|Any CPU.ActiveCfg = Release|Any CPU
		{991767BC-ACEF-45C5-9979-FA93234AC383}.Release|Any CPU.Build.0 = Release|Any CPU
		{363926B1-340F-462D-A0A9-B3CB38989A08}.Debug|Any CPU.ActiveCfg = Debug|Any CPU
		{363926B1-340F-462D-A0A9-B3CB38989A08}.Debug|Any CPU.Build.0 = Debug|Any CPU
		{363926B1-340F-462D-A0A9-B3CB38989A08}.Release|Any CPU.ActiveCfg = Release|Any CPU
		{363926B1-340F-462D-A0A9-B3CB38989A08}.Release|Any CPU.Build.0 = Release|Any CPU
		{503FD1D3-EA1B-432B-B920-90298AED85B0}.Debug|Any CPU.ActiveCfg = Debug|Any CPU
		{503FD1D3-EA1B-432B-B920-90298AED85B0}.Debug|Any CPU.Build.0 = Debug|Any CPU
		{503FD1D3-EA1B-432B-B920-90298AED85B0}.Release|Any CPU.ActiveCfg = Release|Any CPU
		{503FD1D3-EA1B-432B-B920-90298AED85B0}.Release|Any CPU.Build.0 = Release|Any CPU
		{3A31DC7F-9780-483E-A955-92992E74C2F5}.Debug|Any CPU.ActiveCfg = Debug|Any CPU
		{3A31DC7F-9780-483E-A955-92992E74C2F5}.Debug|Any CPU.Build.0 = Debug|Any CPU
		{3A31DC7F-9780-483E-A955-92992E74C2F5}.Release|Any CPU.ActiveCfg = Release|Any CPU
		{3A31DC7F-9780-483E-A955-92992E74C2F5}.Release|Any CPU.Build.0 = Release|Any CPU
	EndGlobalSection
	GlobalSection(SolutionProperties) = preSolution
		HideSolutionNode = FALSE
	EndGlobalSection
	GlobalSection(ExtensibilityGlobals) = postSolution
		SolutionGuid = {54C6EC52-87FA-43E7-B497-0FCC5E10CE30}
	EndGlobalSection
EndGlobal
